{
  "name": "LearnReactQuery",
  "lockfileVersion": 3,
  "requires": true,
  "packages": {
    "": {
      "dependencies": {
        "@tanstack/react-query": "^5.0.5"
      }
    },
    "node_modules/@tanstack/query-core": {
      "version": "5.0.5",
      "resolved": "https://registry.npmjs.org/@tanstack/query-core/-/query-core-5.0.5.tgz",
      "integrity": "sha512-MThCETMkHDHTnFZHp71L+SqTtD5d6XHftFCVR1xRJdWM3qGrlQ2VCXaj0SKVcyJej2e1Opa2c7iknu1llxCDNQ==",
      "funding": {
        "type": "github",
        "url": "https://github.com/sponsors/tannerlinsley"
      }
    },
    "node_modules/@tanstack/react-query": {
      "version": "5.0.5",
      "resolved": "https://registry.npmjs.org/@tanstack/react-query/-/react-query-5.0.5.tgz",
      "integrity": "sha512-ZG0Q4HZ0iuI8mWiZ2/MdVYPHbrmAVhMn7+gLOkxJh6zLIgCL4luSZlohzN5Xt4MjxfxxWioO1nemwpudaTsmQg==",
      "dependencies": {
        "@tanstack/query-core": "5.0.5"
      },
      "funding": {
        "type": "github",
        "url": "https://github.com/sponsors/tannerlinsley"
      },
      "peerDependencies": {
        "react": "^18.0.0",
        "react-dom": "^18.0.0",
        "react-native": "*"
      },
      "peerDependenciesMeta": {
        "react-dom": {
          "optional": true
        },
        "react-native": {
          "optional": true
        }
      }
    }
  }
}
